
Microsoft Visual Studio Solution File, Format Version 12.00
# Visual Studio Version 17
VisualStudioVersion = 17.7.34024.191
MinimumVisualStudioVersion = 10.0.40219.1
Project("{9A19103F-16F7-4668-BE54-9A1E7A4F7556}") = "ProductServiceApi", "ProductServiceApi\ProductServiceApi.csproj", "{8E5B05BF-E3F4-4981-925B-FD05B509D227}"
EndProject
Project("{9A19103F-16F7-4668-BE54-9A1E7A4F7556}") = "CoreLayer", "CoreLayer\CoreLayer.csproj", "{6FA6736C-66A0-4322-B463-41C7E6322707}"
EndProject
Project("{9A19103F-16F7-4668-BE54-9A1E7A4F7556}") = "RepositoryLayer", "RepositoryLayer\RepositoryLayer.csproj", "{96D594B8-B4B9-4934-9EA8-0C5998569113}"
EndProject
Project("{9A19103F-16F7-4668-BE54-9A1E7A4F7556}") = "ServiceLayer", "ServiceLayer\ServiceLayer.csproj", "{2E708DDF-295E-468D-9FF6-714ADFF97E3B}"
EndProject
Project("{FAE04EC0-301F-11D3-BF4B-00C04F79EFBC}") = "CachingLayer", "CachingLayer\CachingLayer.csproj", "{1F38E7AC-DA53-43FE-8BE0-A4AD92399FAC}"
EndProject
Global
	GlobalSection(SolutionConfigurationPlatforms) = preSolution
		Debug|Any CPU = Debug|Any CPU
		Release|Any CPU = Release|Any CPU
	EndGlobalSection
	GlobalSection(ProjectConfigurationPlatforms) = postSolution
		{8E5B05BF-E3F4-4981-925B-FD05B509D227}.Debug|Any CPU.ActiveCfg = Debug|Any CPU
		{8E5B05BF-E3F4-4981-925B-FD05B509D227}.Debug|Any CPU.Build.0 = Debug|Any CPU
		{8E5B05BF-E3F4-4981-925B-FD05B509D227}.Release|Any CPU.ActiveCfg = Release|Any CPU
		{8E5B05BF-E3F4-4981-925B-FD05B509D227}.Release|Any CPU.Build.0 = Release|Any CPU
		{6FA6736C-66A0-4322-B463-41C7E6322707}.Debug|Any CPU.ActiveCfg = Debug|Any CPU
		{6FA6736C-66A0-4322-B463-41C7E6322707}.Debug|Any CPU.Build.0 = Debug|Any CPU
		{6FA6736C-66A0-4322-B463-41C7E6322707}.Release|Any CPU.ActiveCfg = Release|Any CPU
		{6FA6736C-66A0-4322-B463-41C7E6322707}.Release|Any CPU.Build.0 = Release|Any CPU
		{96D594B8-B4B9-4934-9EA8-0C5998569113}.Debug|Any CPU.ActiveCfg = Debug|Any CPU
		{96D594B8-B4B9-4934-9EA8-0C5998569113}.Debug|Any CPU.Build.0 = Debug|Any CPU
		{96D594B8-B4B9-4934-9EA8-0C5998569113}.Release|Any CPU.ActiveCfg = Release|Any CPU
		{96D594B8-B4B9-4934-9EA8-0C5998569113}.Release|Any CPU.Build.0 = Release|Any CPU
		{2E708DDF-295E-468D-9FF6-714ADFF97E3B}.Debug|Any CPU.ActiveCfg = Debug|Any CPU
		{2E708DDF-295E-468D-9FF6-714ADFF97E3B}.Debug|Any CPU.Build.0 = Debug|Any CPU
		{2E708DDF-295E-468D-9FF6-714ADFF97E3B}.Release|Any CPU.ActiveCfg = Release|Any CPU
		{2E708DDF-295E-468D-9FF6-714ADFF97E3B}.Release|Any CPU.Build.0 = Release|Any CPU
		{1F38E7AC-DA53-43FE-8BE0-A4AD92399FAC}.Debug|Any CPU.ActiveCfg = Debug|Any CPU
		{1F38E7AC-DA53-43FE-8BE0-A4AD92399FAC}.Debug|Any CPU.Build.0 = Debug|Any CPU
		{1F38E7AC-DA53-43FE-8BE0-A4AD92399FAC}.Release|Any CPU.ActiveCfg = Release|Any CPU
		{1F38E7AC-DA53-43FE-8BE0-A4AD92399FAC}.Release|Any CPU.Build.0 = Release|Any CPU
	EndGlobalSection
	GlobalSection(SolutionProperties) = preSolution
		HideSolutionNode = FALSE
	EndGlobalSection
	GlobalSection(ExtensibilityGlobals) = postSolution
		SolutionGuid = {EDD2C49C-DD6D-453D-B6DB-8933622AF834}
	EndGlobalSection
EndGlobal
